
Microsoft Visual Studio Solution File, Format Version 12.00
Project("{FAE04EC0-301F-11D3-BF4B-00C04F79EFBC}") = "tokenManager", "tokenManager\tokenManager.csproj", "{DAECEDFB-7651-4210-94F6-448B36F8EB05}"
EndProject
Global
	GlobalSection(SolutionConfigurationPlatforms) = preSolution
		Debug|Any CPU = Debug|Any CPU
		Release|Any CPU = Release|Any CPU
	EndGlobalSection
	GlobalSection(ProjectConfigurationPlatforms) = postSolution
		{DAECEDFB-7651-4210-94F6-448B36F8EB05}.Debug|Any CPU.ActiveCfg = Debug|Any CPU
		{DAECEDFB-7651-4210-94F6-448B36F8EB05}.Debug|Any CPU.Build.0 = Debug|Any CPU
		{DAECEDFB-7651-4210-94F6-448B36F8EB05}.Release|Any CPU.ActiveCfg = Release|Any CPU
		{DAECEDFB-7651-4210-94F6-448B36F8EB05}.Release|Any CPU.Build.0 = Release|Any CPU
	EndGlobalSection
EndGlobal
